PODS:
  - SnapKit (5.0.1)
  - XCDYouTubeKit (2.14.0)

DEPENDENCIES:
  - SnapKit (~> 5.0.0)
  - XCDYouTubeKit (~> 2.14)

SPEC REPOS:
  trunk:
    - SnapKit
    - XCDYouTubeKit

SPEC CHECKSUMS:
  SnapKit: 97b92857e3df3a0c71833cce143274bf6ef8e5eb
  XCDYouTubeKit: 04a2f89dca6c5c53d1786701a0e98dcb484be7a8

PODFILE CHECKSUM: 4742ef9d9133c4d0468937546da1e834504aa370

COCOAPODS: 1.8.3
